
Microsoft Visual Studio Solution File, Format Version 12.00
Project("{2150E333-8FDC-42A3-9474-1A3956D46DE8}") = "src", "src", "{36733CD3-27F0-4311-8222-5F5866D4CEB4}"
EndProject
Project("{2150E333-8FDC-42A3-9474-1A3956D46DE8}") = "tests", "tests", "{1EFCCC7F-C4B5-47C6-8A4C-CF667FF0F2E0}"
EndProject
Project("{FAE04EC0-301F-11D3-BF4B-00C04F79EFBC}") = "PromptShell", "src\PromptShell\PromptShell.csproj", "{DB3E606C-B5DB-407F-96C2-8F71E536E3B6}"
EndProject
Project("{FAE04EC0-301F-11D3-BF4B-00C04F79EFBC}") = "PromptShell.Tests", "tests\PromptShell.Tests\PromptShell.Tests.csproj", "{72ABDDE7-FD22-4FD9-A167-5F1FDE86FA2C}"
EndProject
Global
	GlobalSection(SolutionConfigurationPlatforms) = preSolution
		Debug|Any CPU = Debug|Any CPU
		Release|Any CPU = Release|Any CPU
	EndGlobalSection
	GlobalSection(ProjectConfigurationPlatforms) = postSolution
		{DB3E606C-B5DB-407F-96C2-8F71E536E3B6}.Debug|Any CPU.ActiveCfg = Debug|Any CPU
		{DB3E606C-B5DB-407F-96C2-8F71E536E3B6}.Debug|Any CPU.Build.0 = Debug|Any CPU
		{DB3E606C-B5DB-407F-96C2-8F71E536E3B6}.Release|Any CPU.ActiveCfg = Release|Any CPU
		{DB3E606C-B5DB-407F-96C2-8F71E536E3B6}.Release|Any CPU.Build.0 = Release|Any CPU
		{72ABDDE7-FD22-4FD9-A167-5F1FDE86FA2C}.Debug|Any CPU.ActiveCfg = Debug|Any CPU
		{72ABDDE7-FD22-4FD9-A167-5F1FDE86FA2C}.Debug|Any CPU.Build.0 = Debug|Any CPU
		{72ABDDE7-FD22-4FD9-A167-5F1FDE86FA2C}.Release|Any CPU.ActiveCfg = Release|Any CPU
		{72ABDDE7-FD22-4FD9-A167-5F1FDE86FA2C}.Release|Any CPU.Build.0 = Release|Any CPU
	EndGlobalSection
	GlobalSection(NestedProjects) = preSolution
		{DB3E606C-B5DB-407F-96C2-8F71E536E3B6} = {36733CD3-27F0-4311-8222-5F5866D4CEB4}
		{72ABDDE7-FD22-4FD9-A167-5F1FDE86FA2C} = {1EFCCC7F-C4B5-47C6-8A4C-CF667FF0F2E0}
	EndGlobalSection
EndGlobal
